
Microsoft Visual Studio Solution File, Format Version 12.00
# Visual Studio Version 17
VisualStudioVersion = 17.2.32516.85
MinimumVisualStudioVersion = 10.0.40219.1
Project("{9A19103F-16F7-4668-BE54-9A1E7A4F7556}") = "FileLoader", "FileLoader\FileLoader.csproj", "{819A7571-EDDD-4F6F-BA6C-B470402539EE}"
EndProject
Global
	GlobalSection(SolutionConfigurationPlatforms) = preSolution
		Debug|Any CPU = Debug|Any CPU
		Release|Any CPU = Release|Any CPU
	EndGlobalSection
	GlobalSection(ProjectConfigurationPlatforms) = postSolution
		{819A7571-EDDD-4F6F-BA6C-B470402539EE}.Debug|Any CPU.ActiveCfg = Debug|Any CPU
		{819A7571-EDDD-4F6F-BA6C-B470402539EE}.Debug|Any CPU.Build.0 = Debug|Any CPU
		{819A7571-EDDD-4F6F-BA6C-B470402539EE}.Release|Any CPU.ActiveCfg = Release|Any CPU
		{819A7571-EDDD-4F6F-BA6C-B470402539EE}.Release|Any CPU.Build.0 = Release|Any CPU
	EndGlobalSection
	GlobalSection(SolutionProperties) = preSolution
		HideSolutionNode = FALSE
	EndGlobalSection
	GlobalSection(ExtensibilityGlobals) = postSolution
		SolutionGuid = {18E38F97-8443-4FCF-9FC0-21DD1089C55B}
	EndGlobalSection
EndGlobal
